
Microsoft Visual Studio Solution File, Format Version 12.00
# Visual Studio Version 18
VisualStudioVersion = 18.5.11723.231 stable
MinimumVisualStudioVersion = 10.0.40219.1
Project("{FAE04EC0-301F-11D3-BF4B-00C04F79EFBC}") = "ZawkMapper.MvcCrudSample", "ZawkMapper.MvcCrudSample.csproj", "{2E8154AA-FEB3-DC72-F349-D88C452E0F60}"
EndProject
Global
	GlobalSection(SolutionConfigurationPlatforms) = preSolution
		Debug|Any CPU = Debug|Any CPU
		Release|Any CPU = Release|Any CPU
	EndGlobalSection
	GlobalSection(ProjectConfigurationPlatforms) = postSolution
		{2E8154AA-FEB3-DC72-F349-D88C452E0F60}.Debug|Any CPU.ActiveCfg = Debug|Any CPU
		{2E8154AA-FEB3-DC72-F349-D88C452E0F60}.Debug|Any CPU.Build.0 = Debug|Any CPU
		{2E8154AA-FEB3-DC72-F349-D88C452E0F60}.Release|Any CPU.ActiveCfg = Release|Any CPU
		{2E8154AA-FEB3-DC72-F349-D88C452E0F60}.Release|Any CPU.Build.0 = Release|Any CPU
	EndGlobalSection
	GlobalSection(SolutionProperties) = preSolution
		HideSolutionNode = FALSE
	EndGlobalSection
	GlobalSection(ExtensibilityGlobals) = postSolution
		SolutionGuid = {2A1D0831-0A60-4F4B-BAE6-58519D98CF84}
	EndGlobalSection
EndGlobal
